
Microsoft Visual Studio Solution File, Format Version 12.00
# Visual Studio 15
VisualStudioVersion = 15.0.26124.0
MinimumVisualStudioVersion = 15.0.26124.0
Project("{FAE04EC0-301F-11D3-BF4B-00C04F79EFBC}") = "Cripto.Chain.Api", "Cripto.Chain.Api\Cripto.Chain.Api.csproj", "{92E2C7EE-C257-427B-AD74-160CF5288AEE}"
EndProject
Project("{FAE04EC0-301F-11D3-BF4B-00C04F79EFBC}") = "Cripto.Chain.Tests", "Cripto.Chain.Tests\Cripto.Chain.Tests.csproj", "{61394B01-588B-4F1F-B9C5-C7491E605396}"
EndProject
Global
	GlobalSection(SolutionConfigurationPlatforms) = preSolution
		Debug|Any CPU = Debug|Any CPU
		Debug|x64 = Debug|x64
		Debug|x86 = Debug|x86
		Release|Any CPU = Release|Any CPU
		Release|x64 = Release|x64
		Release|x86 = Release|x86
	EndGlobalSection
	GlobalSection(SolutionProperties) = preSolution
		HideSolutionNode = FALSE
	EndGlobalSection
	GlobalSection(ProjectConfigurationPlatforms) = postSolution
		{92E2C7EE-C257-427B-AD74-160CF5288AEE}.Debug|Any CPU.ActiveCfg = Debug|Any CPU
		{92E2C7EE-C257-427B-AD74-160CF5288AEE}.Debug|Any CPU.Build.0 = Debug|Any CPU
		{92E2C7EE-C257-427B-AD74-160CF5288AEE}.Debug|x64.ActiveCfg = Debug|Any CPU
		{92E2C7EE-C257-427B-AD74-160CF5288AEE}.Debug|x64.Build.0 = Debug|Any CPU
		{92E2C7EE-C257-427B-AD74-160CF5288AEE}.Debug|x86.ActiveCfg = Debug|Any CPU
		{92E2C7EE-C257-427B-AD74-160CF5288AEE}.Debug|x86.Build.0 = Debug|Any CPU
		{92E2C7EE-C257-427B-AD74-160CF5288AEE}.Release|Any CPU.ActiveCfg = Release|Any CPU
		{92E2C7EE-C257-427B-AD74-160CF5288AEE}.Release|Any CPU.Build.0 = Release|Any CPU
		{92E2C7EE-C257-427B-AD74-160CF5288AEE}.Release|x64.ActiveCfg = Release|Any CPU
		{92E2C7EE-C257-427B-AD74-160CF5288AEE}.Release|x64.Build.0 = Release|Any CPU
		{92E2C7EE-C257-427B-AD74-160CF5288AEE}.Release|x86.ActiveCfg = Release|Any CPU
		{92E2C7EE-C257-427B-AD74-160CF5288AEE}.Release|x86.Build.0 = Release|Any CPU
		{61394B01-588B-4F1F-B9C5-C7491E605396}.Debug|Any CPU.ActiveCfg = Debug|Any CPU
		{61394B01-588B-4F1F-B9C5-C7491E605396}.Debug|Any CPU.Build.0 = Debug|Any CPU
		{61394B01-588B-4F1F-B9C5-C7491E605396}.Debug|x64.ActiveCfg = Debug|Any CPU
		{61394B01-588B-4F1F-B9C5-C7491E605396}.Debug|x64.Build.0 = Debug|Any CPU
		{61394B01-588B-4F1F-B9C5-C7491E605396}.Debug|x86.ActiveCfg = Debug|Any CPU
		{61394B01-588B-4F1F-B9C5-C7491E605396}.Debug|x86.Build.0 = Debug|Any CPU
		{61394B01-588B-4F1F-B9C5-C7491E605396}.Release|Any CPU.ActiveCfg = Release|Any CPU
		{61394B01-588B-4F1F-B9C5-C7491E605396}.Release|Any CPU.Build.0 = Release|Any CPU
		{61394B01-588B-4F1F-B9C5-C7491E605396}.Release|x64.ActiveCfg = Release|Any CPU
		{61394B01-588B-4F1F-B9C5-C7491E605396}.Release|x64.Build.0 = Release|Any CPU
		{61394B01-588B-4F1F-B9C5-C7491E605396}.Release|x86.ActiveCfg = Release|Any CPU
		{61394B01-588B-4F1F-B9C5-C7491E605396}.Release|x86.Build.0 = Release|Any CPU
	EndGlobalSection
EndGlobal
