
Microsoft Visual Studio Solution File, Format Version 12.00
# Visual Studio 15
VisualStudioVersion = 15.0.26124.0
MinimumVisualStudioVersion = 15.0.26124.0
Project("{FAE04EC0-301F-11D3-BF4B-00C04F79EFBC}") = "Cripto.Chain.Application", "Cripto.Chain.Application\Cripto.Chain.Application.csproj", "{D8826514-446B-4725-8E49-CE8774C25927}"
EndProject
Project("{FAE04EC0-301F-11D3-BF4B-00C04F79EFBC}") = "Cripto.Chain.DataAccess", "Cripto.Chain.DataAccess\Cripto.Chain.DataAccess.csproj", "{0D190D95-E78A-4E73-88CE-C2F5BBF3F773}"
EndProject
Project("{FAE04EC0-301F-11D3-BF4B-00C04F79EFBC}") = "Cripto.Chain.Domain", "Cripto.Chain.Domain\Cripto.Chain.Domain.csproj", "{3DD750AB-F5C8-49C8-8EBA-840501C9A489}"
EndProject
Project("{FAE04EC0-301F-11D3-BF4B-00C04F79EFBC}") = "Cripto.Chain.Dtos", "Cripto.Chain.Dtos\Cripto.Chain.Dtos.csproj", "{4DC44431-071A-4F88-9E2C-F5048BAE8499}"
EndProject
Project("{FAE04EC0-301F-11D3-BF4B-00C04F79EFBC}") = "Cripto.Chain.Api", "Cripto.Chain.Api\Cripto.Chain.Api.csproj", "{F22CA896-DCFD-4A2C-B433-9CC1F5B529B3}"
EndProject
Project("{FAE04EC0-301F-11D3-BF4B-00C04F79EFBC}") = "Cripto.Chain.Tests", "Cripto.Chain.Tests\Cripto.Chain.Tests.csproj", "{EC9BF1E5-C62E-4243-973F-05ED6448D637}"
EndProject
Global
	GlobalSection(SolutionConfigurationPlatforms) = preSolution
		Debug|Any CPU = Debug|Any CPU
		Debug|x64 = Debug|x64
		Debug|x86 = Debug|x86
		Release|Any CPU = Release|Any CPU
		Release|x64 = Release|x64
		Release|x86 = Release|x86
	EndGlobalSection
	GlobalSection(SolutionProperties) = preSolution
		HideSolutionNode = FALSE
	EndGlobalSection
	GlobalSection(ProjectConfigurationPlatforms) = postSolution
		{D8826514-446B-4725-8E49-CE8774C25927}.Debug|Any CPU.ActiveCfg = Debug|Any CPU
		{D8826514-446B-4725-8E49-CE8774C25927}.Debug|Any CPU.Build.0 = Debug|Any CPU
		{D8826514-446B-4725-8E49-CE8774C25927}.Debug|x64.ActiveCfg = Debug|Any CPU
		{D8826514-446B-4725-8E49-CE8774C25927}.Debug|x64.Build.0 = Debug|Any CPU
		{D8826514-446B-4725-8E49-CE8774C25927}.Debug|x86.ActiveCfg = Debug|Any CPU
		{D8826514-446B-4725-8E49-CE8774C25927}.Debug|x86.Build.0 = Debug|Any CPU
		{D8826514-446B-4725-8E49-CE8774C25927}.Release|Any CPU.ActiveCfg = Release|Any CPU
		{D8826514-446B-4725-8E49-CE8774C25927}.Release|Any CPU.Build.0 = Release|Any CPU
		{D8826514-446B-4725-8E49-CE8774C25927}.Release|x64.ActiveCfg = Release|Any CPU
		{D8826514-446B-4725-8E49-CE8774C25927}.Release|x64.Build.0 = Release|Any CPU
		{D8826514-446B-4725-8E49-CE8774C25927}.Release|x86.ActiveCfg = Release|Any CPU
		{D8826514-446B-4725-8E49-CE8774C25927}.Release|x86.Build.0 = Release|Any CPU
		{0D190D95-E78A-4E73-88CE-C2F5BBF3F773}.Debug|Any CPU.ActiveCfg = Debug|Any CPU
		{0D190D95-E78A-4E73-88CE-C2F5BBF3F773}.Debug|Any CPU.Build.0 = Debug|Any CPU
		{0D190D95-E78A-4E73-88CE-C2F5BBF3F773}.Debug|x64.ActiveCfg = Debug|Any CPU
		{0D190D95-E78A-4E73-88CE-C2F5BBF3F773}.Debug|x64.Build.0 = Debug|Any CPU
		{0D190D95-E78A-4E73-88CE-C2F5BBF3F773}.Debug|x86.ActiveCfg = Debug|Any CPU
		{0D190D95-E78A-4E73-88CE-C2F5BBF3F773}.Debug|x86.Build.0 = Debug|Any CPU
		{0D190D95-E78A-4E73-88CE-C2F5BBF3F773}.Release|Any CPU.ActiveCfg = Release|Any CPU
		{0D190D95-E78A-4E73-88CE-C2F5BBF3F773}.Release|Any CPU.Build.0 = Release|Any CPU
		{0D190D95-E78A-4E73-88CE-C2F5BBF3F773}.Release|x64.ActiveCfg = Release|Any CPU
		{0D190D95-E78A-4E73-88CE-C2F5BBF3F773}.Release|x64.Build.0 = Release|Any CPU
		{0D190D95-E78A-4E73-88CE-C2F5BBF3F773}.Release|x86.ActiveCfg = Release|Any CPU
		{0D190D95-E78A-4E73-88CE-C2F5BBF3F773}.Release|x86.Build.0 = Release|Any CPU
		{3DD750AB-F5C8-49C8-8EBA-840501C9A489}.Debug|Any CPU.ActiveCfg = Debug|Any CPU
		{3DD750AB-F5C8-49C8-8EBA-840501C9A489}.Debug|Any CPU.Build.0 = Debug|Any CPU
		{3DD750AB-F5C8-49C8-8EBA-840501C9A489}.Debug|x64.ActiveCfg = Debug|Any CPU
		{3DD750AB-F5C8-49C8-8EBA-840501C9A489}.Debug|x64.Build.0 = Debug|Any CPU
		{3DD750AB-F5C8-49C8-8EBA-840501C9A489}.Debug|x86.ActiveCfg = Debug|Any CPU
		{3DD750AB-F5C8-49C8-8EBA-840501C9A489}.Debug|x86.Build.0 = Debug|Any CPU
		{3DD750AB-F5C8-49C8-8EBA-840501C9A489}.Release|Any CPU.ActiveCfg = Release|Any CPU
		{3DD750AB-F5C8-49C8-8EBA-840501C9A489}.Release|Any CPU.Build.0 = Release|Any CPU
		{3DD750AB-F5C8-49C8-8EBA-840501C9A489}.Release|x64.ActiveCfg = Release|Any CPU
		{3DD750AB-F5C8-49C8-8EBA-840501C9A489}.Release|x64.Build.0 = Release|Any CPU
		{3DD750AB-F5C8-49C8-8EBA-840501C9A489}.Release|x86.ActiveCfg = Release|Any CPU
		{3DD750AB-F5C8-49C8-8EBA-840501C9A489}.Release|x86.Build.0 = Release|Any CPU
		{4DC44431-071A-4F88-9E2C-F5048BAE8499}.Debug|Any CPU.ActiveCfg = Debug|Any CPU
		{4DC44431-071A-4F88-9E2C-F5048BAE8499}.Debug|Any CPU.Build.0 = Debug|Any CPU
		{4DC44431-071A-4F88-9E2C-F5048BAE8499}.Debug|x64.ActiveCfg = Debug|Any CPU
		{4DC44431-071A-4F88-9E2C-F5048BAE8499}.Debug|x64.Build.0 = Debug|Any CPU
		{4DC44431-071A-4F88-9E2C-F5048BAE8499}.Debug|x86.ActiveCfg = Debug|Any CPU
		{4DC44431-071A-4F88-9E2C-F5048BAE8499}.Debug|x86.Build.0 = Debug|Any CPU
		{4DC44431-071A-4F88-9E2C-F5048BAE8499}.Release|Any CPU.ActiveCfg = Release|Any CPU
		{4DC44431-071A-4F88-9E2C-F5048BAE8499}.Release|Any CPU.Build.0 = Release|Any CPU
		{4DC44431-071A-4F88-9E2C-F5048BAE8499}.Release|x64.ActiveCfg = Release|Any CPU
		{4DC44431-071A-4F88-9E2C-F5048BAE8499}.Release|x64.Build.0 = Release|Any CPU
		{4DC44431-071A-4F88-9E2C-F5048BAE8499}.Release|x86.ActiveCfg = Release|Any CPU
		{4DC44431-071A-4F88-9E2C-F5048BAE8499}.Release|x86.Build.0 = Release|Any CPU
		{F22CA896-DCFD-4A2C-B433-9CC1F5B529B3}.Debug|Any CPU.ActiveCfg = Debug|Any CPU
		{F22CA896-DCFD-4A2C-B433-9CC1F5B529B3}.Debug|Any CPU.Build.0 = Debug|Any CPU
		{F22CA896-DCFD-4A2C-B433-9CC1F5B529B3}.Debug|x64.ActiveCfg = Debug|Any CPU
		{F22CA896-DCFD-4A2C-B433-9CC1F5B529B3}.Debug|x64.Build.0 = Debug|Any CPU
		{F22CA896-DCFD-4A2C-B433-9CC1F5B529B3}.Debug|x86.ActiveCfg = Debug|Any CPU
		{F22CA896-DCFD-4A2C-B433-9CC1F5B529B3}.Debug|x86.Build.0 = Debug|Any CPU
		{F22CA896-DCFD-4A2C-B433-9CC1F5B529B3}.Release|Any CPU.ActiveCfg = Release|Any CPU
		{F22CA896-DCFD-4A2C-B433-9CC1F5B529B3}.Release|Any CPU.Build.0 = Release|Any CPU
		{F22CA896-DCFD-4A2C-B433-9CC1F5B529B3}.Release|x64.ActiveCfg = Release|Any CPU
		{F22CA896-DCFD-4A2C-B433-9CC1F5B529B3}.Release|x64.Build.0 = Release|Any CPU
		{F22CA896-DCFD-4A2C-B433-9CC1F5B529B3}.Release|x86.ActiveCfg = Release|Any CPU
		{F22CA896-DCFD-4A2C-B433-9CC1F5B529B3}.Release|x86.Build.0 = Release|Any CPU
		{EC9BF1E5-C62E-4243-973F-05ED6448D637}.Debug|Any CPU.ActiveCfg = Debug|Any CPU
		{EC9BF1E5-C62E-4243-973F-05ED6448D637}.Debug|Any CPU.Build.0 = Debug|Any CPU
		{EC9BF1E5-C62E-4243-973F-05ED6448D637}.Debug|x64.ActiveCfg = Debug|Any CPU
		{EC9BF1E5-C62E-4243-973F-05ED6448D637}.Debug|x64.Build.0 = Debug|Any CPU
		{EC9BF1E5-C62E-4243-973F-05ED6448D637}.Debug|x86.ActiveCfg = Debug|Any CPU
		{EC9BF1E5-C62E-4243-973F-05ED6448D637}.Debug|x86.Build.0 = Debug|Any CPU
		{EC9BF1E5-C62E-4243-973F-05ED6448D637}.Release|Any CPU.ActiveCfg = Release|Any CPU
		{EC9BF1E5-C62E-4243-973F-05ED6448D637}.Release|Any CPU.Build.0 = Release|Any CPU
		{EC9BF1E5-C62E-4243-973F-05ED6448D637}.Release|x64.ActiveCfg = Release|Any CPU
		{EC9BF1E5-C62E-4243-973F-05ED6448D637}.Release|x64.Build.0 = Release|Any CPU
		{EC9BF1E5-C62E-4243-973F-05ED6448D637}.Release|x86.ActiveCfg = Release|Any CPU
		{EC9BF1E5-C62E-4243-973F-05ED6448D637}.Release|x86.Build.0 = Release|Any CPU
	EndGlobalSection
EndGlobal
